
Microsoft Visual Studio Solution File, Format Version 12.00
# Visual Studio Version 17
VisualStudioVersion = 17.3.32819.101
MinimumVisualStudioVersion = 10.0.40219.1
Project("{9A19103F-16F7-4668-BE54-9A1E7A4F7556}") = "EmployeeManagementSalaryDetailModel", "EmployeeManagementSalaryDetailModel.csproj", "{8B3777C1-AF22-4AA8-8293-33D06EE973DF}"
EndProject
Project("{FAE04EC0-301F-11D3-BF4B-00C04F79EFBC}") = "EmployeeManagementTest", "..\EmployeeManagementTest\EmployeeManagementTest.csproj", "{A0E957D7-7617-435E-A454-979FCA5139A7}"
EndProject
Global
	GlobalSection(SolutionConfigurationPlatforms) = preSolution
		Debug|Any CPU = Debug|Any CPU
		Release|Any CPU = Release|Any CPU
	EndGlobalSection
	GlobalSection(ProjectConfigurationPlatforms) = postSolution
		{8B3777C1-AF22-4AA8-8293-33D06EE973DF}.Debug|Any CPU.ActiveCfg = Debug|Any CPU
		{8B3777C1-AF22-4AA8-8293-33D06EE973DF}.Debug|Any CPU.Build.0 = Debug|Any CPU
		{8B3777C1-AF22-4AA8-8293-33D06EE973DF}.Release|Any CPU.ActiveCfg = Release|Any CPU
		{8B3777C1-AF22-4AA8-8293-33D06EE973DF}.Release|Any CPU.Build.0 = Release|Any CPU
		{A0E957D7-7617-435E-A454-979FCA5139A7}.Debug|Any CPU.ActiveCfg = Debug|Any CPU
		{A0E957D7-7617-435E-A454-979FCA5139A7}.Debug|Any CPU.Build.0 = Debug|Any CPU
		{A0E957D7-7617-435E-A454-979FCA5139A7}.Release|Any CPU.ActiveCfg = Release|Any CPU
		{A0E957D7-7617-435E-A454-979FCA5139A7}.Release|Any CPU.Build.0 = Release|Any CPU
	EndGlobalSection
	GlobalSection(SolutionProperties) = preSolution
		HideSolutionNode = FALSE
	EndGlobalSection
	GlobalSection(ExtensibilityGlobals) = postSolution
		SolutionGuid = {8339F2D5-E0EA-4F2F-8E12-15AA5B4A237A}
	EndGlobalSection
EndGlobal
